// !$*UTF8*$!
{
	archiveVersion = 1;
	classes = {
	};
	objectVersion = 51;
	objects = {

/* Begin PBXBuildFile section */
		0F01B292212518D60047B3DC /* Art Work in Resources */ = {isa = PBXBuildFile; fileRef = 0F01B291212518D60047B3DC /* Art Work */; };
		0F01B2942125E2950047B3DC /* LICENSE in Resources */ = {isa = PBXBuildFile; fileRef = 0F01B2932125E2950047B3DC /* LICENSE */; };
		0F01B2962125E52D0047B3DC /* ACKNOWLEDGEMENTS in Resources */ = {isa = PBXBuildFile; fileRef = 0F01B2952125E52D0047B3DC /* ACKNOWLEDGEMENTS */; };
		0F01B2982125E62B0047B3DC /* README.md in Resources */ = {isa = PBXBuildFile; fileRef = 0F01B2972125E62B0047B3DC /* README.md */; };
		0F29CDD21D93455200EE2359 /* DiscoveredServiceTableViewCell.swift in Sources */ = {isa = PBXBuildFile; fileRef = 0F29CDD11D93455200EE2359 /* DiscoveredServiceTableViewCell.swift */; };
		0F29CDD41D93465500EE2359 /* BonjourDomainTableViewCell.swift in Sources */ = {isa = PBXBuildFile; fileRef = 0F29CDD31D93465500EE2359 /* BonjourDomainTableViewCell.swift */; };
		0F51E83F1C2C8C72003BAFEC /* BonjourDomainTableViewController.swift in Sources */ = {isa = PBXBuildFile; fileRef = 0F51E83E1C2C8C72003BAFEC /* BonjourDomainTableViewController.swift */; };
		0F51E88C1C32FB3C003BAFEC /* BonjourServiceTableViewController.swift in Sources */ = {isa = PBXBuildFile; fileRef = 0F51E88B1C32FB3C003BAFEC /* BonjourServiceTableViewController.swift */; };
		0F610C9B211B2C4700896D3F /* ServiceDetailTableViewController.swift in Sources */ = {isa = PBXBuildFile; fileRef = 0F610C9A211B2C4700896D3F /* ServiceDetailTableViewController.swift */; };
		0F610C9D211C92CB00896D3F /* ServiceDetailTxtRecordTableViewCell.swift in Sources */ = {isa = PBXBuildFile; fileRef = 0F610C9C211C92CB00896D3F /* ServiceDetailTxtRecordTableViewCell.swift */; };
		0F610C9F211CAED500896D3F /* ServiceDetailNameTableViewCell.swift in Sources */ = {isa = PBXBuildFile; fileRef = 0F610C9E211CAED500896D3F /* ServiceDetailNameTableViewCell.swift */; };
		0F610CA1211CAF2F00896D3F /* ServiceDetailTypeTableViewCell.swift in Sources */ = {isa = PBXBuildFile; fileRef = 0F610CA0211CAF2F00896D3F /* ServiceDetailTypeTableViewCell.swift */; };
		0F610CA3211CAF5F00896D3F /* ServiceDetailHostNameTableViewCell.swift in Sources */ = {isa = PBXBuildFile; fileRef = 0F610CA2211CAF5F00896D3F /* ServiceDetailHostNameTableViewCell.swift */; };
		0F610CA5211CAF8900896D3F /* ServiceDetailDomainTableViewCell.swift in Sources */ = {isa = PBXBuildFile; fileRef = 0F610CA4211CAF8900896D3F /* ServiceDetailDomainTableViewCell.swift */; };
		0F610CAF211DF9F400896D3F /* ServiceDetailAddressTableViewCell.swift in Sources */ = {isa = PBXBuildFile; fileRef = 0F610CAE211DF9F400896D3F /* ServiceDetailAddressTableViewCell.swift */; };
		0F73D5F71E182E4C00B812C1 /* ServiceDescription.swift in Sources */ = {isa = PBXBuildFile; fileRef = 0F73D5F61E182E4C00B812C1 /* ServiceDescription.swift */; };
		0F824B3A1C418CE9008BFAFA /* DiscoveredServicesTableViewController.swift in Sources */ = {isa = PBXBuildFile; fileRef = 0F824B391C418CE9008BFAFA /* DiscoveredServicesTableViewController.swift */; };
		0FAF68D31C2C751D00CB4C94 /* AppDelegate.swift in Sources */ = {isa = PBXBuildFile; fileRef = 0FAF68D21C2C751D00CB4C94 /* AppDelegate.swift */; };
		0FAF68D81C2C751D00CB4C94 /* Main.storyboard in Resources */ = {isa = PBXBuildFile; fileRef = 0FAF68D61C2C751D00CB4C94 /* Main.storyboard */; };
		0FAF68DD1C2C751D00CB4C94 /* Assets.xcassets in Resources */ = {isa = PBXBuildFile; fileRef = 0FAF68DC1C2C751D00CB4C94 /* Assets.xcassets */; };
		0FAF690A1C2C815E00CB4C94 /* BonjourServiceTableViewCell.swift in Sources */ = {isa = PBXBuildFile; fileRef = 0FAF69091C2C815E00CB4C94 /* BonjourServiceTableViewCell.swift */; };
		0FC562151DDD225C00E0F712 /* Settings.bundle in Resources */ = {isa = PBXBuildFile; fileRef = 0FC562141DDD225C00E0F712 /* Settings.bundle */; };
/* End PBXBuildFile section */

/* Begin PBXFileReference section */
		0F01B291212518D60047B3DC /* Art Work */ = {isa = PBXFileReference; lastKnownFileType = folder; path = "Art Work"; sourceTree = "<group>"; };
		0F01B2932125E2950047B3DC /* LICENSE */ = {isa = PBXFileReference; lastKnownFileType = text; path = LICENSE; sourceTree = "<group>"; };
		0F01B2952125E52D0047B3DC /* ACKNOWLEDGEMENTS */ = {isa = PBXFileReference; lastKnownFileType = text; path = ACKNOWLEDGEMENTS; sourceTree = "<group>"; };
		0F01B2972125E62B0047B3DC /* README.md */ = {isa = PBXFileReference; fileEncoding = 4; lastKnownFileType = net.daringfireball.markdown; path = README.md; sourceTree = "<group>"; };
		0F29CDD11D93455200EE2359 /* DiscoveredServiceTableViewCell.swift */ = {isa = PBXFileReference; fileEncoding = 4; lastKnownFileType = sourcecode.swift; path = DiscoveredServiceTableViewCell.swift; sourceTree = "<group>"; };
		0F29CDD31D93465500EE2359 /* BonjourDomainTableViewCell.swift */ = {isa = PBXFileReference; fileEncoding = 4; lastKnownFileType = sourcecode.swift; path = BonjourDomainTableViewCell.swift; sourceTree = "<group>"; };
		0F51E83E1C2C8C72003BAFEC /* BonjourDomainTableViewController.swift */ = {isa = PBXFileReference; fileEncoding = 4; lastKnownFileType = sourcecode.swift; path = BonjourDomainTableViewController.swift; sourceTree = "<group>"; };
		0F51E88B1C32FB3C003BAFEC /* BonjourServiceTableViewController.swift */ = {isa = PBXFileReference; fileEncoding = 4; lastKnownFileType = sourcecode.swift; path = BonjourServiceTableViewController.swift; sourceTree = "<group>"; };
		0F610C9A211B2C4700896D3F /* ServiceDetailTableViewController.swift */ = {isa = PBXFileReference; lastKnownFileType = sourcecode.swift; path = ServiceDetailTableViewController.swift; sourceTree = "<group>"; };
		0F610C9C211C92CB00896D3F /* ServiceDetailTxtRecordTableViewCell.swift */ = {isa = PBXFileReference; lastKnownFileType = sourcecode.swift; path = ServiceDetailTxtRecordTableViewCell.swift; sourceTree = "<group>"; };
		0F610C9E211CAED500896D3F /* ServiceDetailNameTableViewCell.swift */ = {isa = PBXFileReference; lastKnownFileType = sourcecode.swift; path = ServiceDetailNameTableViewCell.swift; sourceTree = "<group>"; };
		0F610CA0211CAF2F00896D3F /* ServiceDetailTypeTableViewCell.swift */ = {isa = PBXFileReference; lastKnownFileType = sourcecode.swift; path = ServiceDetailTypeTableViewCell.swift; sourceTree = "<group>"; };
		0F610CA2211CAF5F00896D3F /* ServiceDetailHostNameTableViewCell.swift */ = {isa = PBXFileReference; lastKnownFileType = sourcecode.swift; path = ServiceDetailHostNameTableViewCell.swift; sourceTree = "<group>"; };
		0F610CA4211CAF8900896D3F /* ServiceDetailDomainTableViewCell.swift */ = {isa = PBXFileReference; lastKnownFileType = sourcecode.swift; path = ServiceDetailDomainTableViewCell.swift; sourceTree = "<group>"; };
		0F610CAE211DF9F400896D3F /* ServiceDetailAddressTableViewCell.swift */ = {isa = PBXFileReference; lastKnownFileType = sourcecode.swift; path = ServiceDetailAddressTableViewCell.swift; sourceTree = "<group>"; };
		0F73D5F61E182E4C00B812C1 /* ServiceDescription.swift */ = {isa = PBXFileReference; fileEncoding = 4; lastKnownFileType = sourcecode.swift; path = ServiceDescription.swift; sourceTree = "<group>"; };
		0F824B391C418CE9008BFAFA /* DiscoveredServicesTableViewController.swift */ = {isa = PBXFileReference; fileEncoding = 4; lastKnownFileType = sourcecode.swift; path = DiscoveredServicesTableViewController.swift; sourceTree = "<group>"; };
		0FAF68CF1C2C751D00CB4C94 /* Network Browser.app */ = {isa = PBXFileReference; explicitFileType = wrapper.application; includeInIndex = 0; path = "Network Browser.app"; sourceTree = BUILT_PRODUCTS_DIR; };
		0FAF68D21C2C751D00CB4C94 /* AppDelegate.swift */ = {isa = PBXFileReference; lastKnownFileType = sourcecode.swift; path = AppDelegate.swift; sourceTree = "<group>"; };
		0FAF68D71C2C751D00CB4C94 /* Base */ = {isa = PBXFileReference; lastKnownFileType = file.storyboard; name = Base; path = Base.lproj/Main.storyboard; sourceTree = "<group>"; };
		0FAF68DC1C2C751D00CB4C94 /* Assets.xcassets */ = {isa = PBXFileReference; lastKnownFileType = folder.assetcatalog; path = Assets.xcassets; sourceTree = "<group>"; };
		0FAF68E11C2C751D00CB4C94 /* Info.plist */ = {isa = PBXFileReference; lastKnownFileType = text.plist.xml; path = Info.plist; sourceTree = "<group>"; };
		0FAF69091C2C815E00CB4C94 /* BonjourServiceTableViewCell.swift */ = {isa = PBXFileReference; fileEncoding = 4; lastKnownFileType = sourcecode.swift; path = BonjourServiceTableViewCell.swift; sourceTree = "<group>"; };
		0FC562141DDD225C00E0F712 /* Settings.bundle */ = {isa = PBXFileReference; lastKnownFileType = "wrapper.plug-in"; path = Settings.bundle; sourceTree = "<group>"; };
/* End PBXFileReference section */

/* Begin PBXFrameworksBuildPhase section */
		0FAF68CC1C2C751D00CB4C94 /* Frameworks */ = {
			isa = PBXFrameworksBuildPhase;
			buildActionMask = 2147483647;
			files = (
			);
			runOnlyForDeploymentPostprocessing = 0;
		};
/* End PBXFrameworksBuildPhase section */

/* Begin PBXGroup section */
		0FAF68C61C2C751C00CB4C94 = {
			isa = PBXGroup;
			children = (
				0F01B2972125E62B0047B3DC /* README.md */,
				0F01B2952125E52D0047B3DC /* ACKNOWLEDGEMENTS */,
				0F01B2932125E2950047B3DC /* LICENSE */,
				0F01B291212518D60047B3DC /* Art Work */,
				0FAF68D11C2C751D00CB4C94 /* Src */,
				0FAF68D01C2C751D00CB4C94 /* Products */,
			);
			sourceTree = "<group>";
		};
		0FAF68D01C2C751D00CB4C94 /* Products */ = {
			isa = PBXGroup;
			children = (
				0FAF68CF1C2C751D00CB4C94 /* Network Browser.app */,
			);
			name = Products;
			sourceTree = "<group>";
		};
		0FAF68D11C2C751D00CB4C94 /* Src */ = {
			isa = PBXGroup;
			children = (
				0FAF68D61C2C751D00CB4C94 /* Main.storyboard */,
				0FAF68DC1C2C751D00CB4C94 /* Assets.xcassets */,
				0FAF68E11C2C751D00CB4C94 /* Info.plist */,
				0FAF68D21C2C751D00CB4C94 /* AppDelegate.swift */,
				0F51E83E1C2C8C72003BAFEC /* BonjourDomainTableViewController.swift */,
				0F29CDD31D93465500EE2359 /* BonjourDomainTableViewCell.swift */,
				0F824B391C418CE9008BFAFA /* DiscoveredServicesTableViewController.swift */,
				0F29CDD11D93455200EE2359 /* DiscoveredServiceTableViewCell.swift */,
				0F51E88B1C32FB3C003BAFEC /* BonjourServiceTableViewController.swift */,
				0FAF69091C2C815E00CB4C94 /* BonjourServiceTableViewCell.swift */,
				0FC562141DDD225C00E0F712 /* Settings.bundle */,
				0F73D5F61E182E4C00B812C1 /* ServiceDescription.swift */,
				0F610C9A211B2C4700896D3F /* ServiceDetailTableViewController.swift */,
				0F610C9C211C92CB00896D3F /* ServiceDetailTxtRecordTableViewCell.swift */,
				0F610C9E211CAED500896D3F /* ServiceDetailNameTableViewCell.swift */,
				0F610CA0211CAF2F00896D3F /* ServiceDetailTypeTableViewCell.swift */,
				0F610CA2211CAF5F00896D3F /* ServiceDetailHostNameTableViewCell.swift */,
				0F610CA4211CAF8900896D3F /* ServiceDetailDomainTableViewCell.swift */,
				0F610CAE211DF9F400896D3F /* ServiceDetailAddressTableViewCell.swift */,
			);
			path = Src;
			sourceTree = "<group>";
		};
/* End PBXGroup section */

/* Begin PBXNativeTarget section */
		0FAF68CE1C2C751D00CB4C94 /* Network Browser */ = {
			isa = PBXNativeTarget;
			buildConfigurationList = 0FAF68FA1C2C751D00CB4C94 /* Build configuration list for PBXNativeTarget "Network Browser" */;
			buildPhases = (
				0FAF68CB1C2C751D00CB4C94 /* Sources */,
				0FAF68CC1C2C751D00CB4C94 /* Frameworks */,
				0FAF68CD1C2C751D00CB4C94 /* Resources */,
			);
			buildRules = (
			);
			dependencies = (
			);
			name = "Network Browser";
			productName = "Network Browser";
			productReference = 0FAF68CF1C2C751D00CB4C94 /* Network Browser.app */;
			productType = "com.apple.product-type.application";
		};
/* End PBXNativeTarget section */

/* Begin PBXProject section */
		0FAF68C71C2C751D00CB4C94 /* Project object */ = {
			isa = PBXProject;
			attributes = {
				LastSwiftUpdateCheck = 1000;
				LastUpgradeCheck = 1000;
				ORGANIZATIONNAME = "Thomas J. Petz, Jr.";
				TargetAttributes = {
					0FAF68CE1C2C751D00CB4C94 = {
						CreatedOnToolsVersion = 7.2;
						DevelopmentTeam = 732KDVJMU4;
						LastSwiftMigration = 0940;
						ProvisioningStyle = Automatic;
					};
				};
			};
			buildConfigurationList = 0FAF68CA1C2C751D00CB4C94 /* Build configuration list for PBXProject "Network Browser" */;
			compatibilityVersion = "Xcode 10.0";
			developmentRegion = English;
			hasScannedForEncodings = 0;
			knownRegions = (
				en,
				Base,
			);
			mainGroup = 0FAF68C61C2C751C00CB4C94;
			productRefGroup = 0FAF68D01C2C751D00CB4C94 /* Products */;
			projectDirPath = "";
			projectRoot = "";
			targets = (
				0FAF68CE1C2C751D00CB4C94 /* Network Browser */,
			);
		};
/* End PBXProject section */

/* Begin PBXResourcesBuildPhase section */
		0FAF68CD1C2C751D00CB4C94 /* Resources */ = {
			isa = PBXResourcesBuildPhase;
			buildActionMask = 2147483647;
			files = (
				0FAF68DD1C2C751D00CB4C94 /* Assets.xcassets in Resources */,
				0F01B2962125E52D0047B3DC /* ACKNOWLEDGEMENTS in Resources */,
				0FC562151DDD225C00E0F712 /* Settings.bundle in Resources */,
				0F01B2982125E62B0047B3DC /* README.md in Resources */,
				0F01B292212518D60047B3DC /* Art Work in Resources */,
				0FAF68D81C2C751D00CB4C94 /* Main.storyboard in Resources */,
				0F01B2942125E2950047B3DC /* LICENSE in Resources */,
			);
			runOnlyForDeploymentPostprocessing = 0;
		};
/* End PBXResourcesBuildPhase section */

/* Begin PBXSourcesBuildPhase section */
		0FAF68CB1C2C751D00CB4C94 /* Sources */ = {
			isa = PBXSourcesBuildPhase;
			buildActionMask = 2147483647;
			files = (
				0F824B3A1C418CE9008BFAFA /* DiscoveredServicesTableViewController.swift in Sources */,
				0F51E88C1C32FB3C003BAFEC /* BonjourServiceTableViewController.swift in Sources */,
				0F610C9B211B2C4700896D3F /* ServiceDetailTableViewController.swift in Sources */,
				0F29CDD41D93465500EE2359 /* BonjourDomainTableViewCell.swift in Sources */,
				0F73D5F71E182E4C00B812C1 /* ServiceDescription.swift in Sources */,
				0FAF690A1C2C815E00CB4C94 /* BonjourServiceTableViewCell.swift in Sources */,
				0F610CA5211CAF8900896D3F /* ServiceDetailDomainTableViewCell.swift in Sources */,
				0FAF68D31C2C751D00CB4C94 /* AppDelegate.swift in Sources */,
				0F610C9F211CAED500896D3F /* ServiceDetailNameTableViewCell.swift in Sources */,
				0F610CA1211CAF2F00896D3F /* ServiceDetailTypeTableViewCell.swift in Sources */,
				0F29CDD21D93455200EE2359 /* DiscoveredServiceTableViewCell.swift in Sources */,
				0F51E83F1C2C8C72003BAFEC /* BonjourDomainTableViewController.swift in Sources */,
				0F610C9D211C92CB00896D3F /* ServiceDetailTxtRecordTableViewCell.swift in Sources */,
				0F610CA3211CAF5F00896D3F /* ServiceDetailHostNameTableViewCell.swift in Sources */,
				0F610CAF211DF9F400896D3F /* ServiceDetailAddressTableViewCell.swift in Sources */,
			);
			runOnlyForDeploymentPostprocessing = 0;
		};
/* End PBXSourcesBuildPhase section */

/* Begin PBXVariantGroup section */
		0FAF68D61C2C751D00CB4C94 /* Main.storyboard */ = {
			isa = PBXVariantGroup;
			children = (
				0FAF68D71C2C751D00CB4C94 /* Base */,
			);
			name = Main.storyboard;
			sourceTree = "<group>";
		};
/* End PBXVariantGroup section */

/* Begin XCBuildConfiguration section */
		0FAF68F81C2C751D00CB4C94 /* Debug */ = {
			isa = XCBuildConfiguration;
			buildSettings = {
				ALWAYS_SEARCH_USER_PATHS = NO;
				CLANG_CXX_LANGUAGE_STANDARD = "gnu++0x";
				CLANG_CXX_LIBRARY = "libc++";
				CLANG_ENABLE_MODULES = YES;
				CLANG_ENABLE_OBJC_ARC = YES;
				CLANG_WARN_BLOCK_CAPTURE_AUTORELEASING = YES;
				CLANG_WARN_BOOL_CONVERSION = YES;
				CLANG_WARN_COMMA = YES;
				CLANG_WARN_CONSTANT_CONVERSION = YES;
				CLANG_WARN_DEPRECATED_OBJC_IMPLEMENTATIONS = YES;
				CLANG_WARN_DIRECT_OBJC_ISA_USAGE = YES_ERROR;
				CLANG_WARN_EMPTY_BODY = YES;
				CLANG_WARN_ENUM_CONVERSION = YES;
				CLANG_WARN_INFINITE_RECURSION = YES;
				CLANG_WARN_INT_CONVERSION = YES;
				CLANG_WARN_NON_LITERAL_NULL_CONVERSION = YES;
				CLANG_WARN_OBJC_IMPLICIT_RETAIN_SELF = YES;
				CLANG_WARN_OBJC_LITERAL_CONVERSION = YES;
				CLANG_WARN_OBJC_ROOT_CLASS = YES_ERROR;
				CLANG_WARN_RANGE_LOOP_ANALYSIS = YES;
				CLANG_WARN_STRICT_PROTOTYPES = YES;
				CLANG_WARN_SUSPICIOUS_MOVE = YES;
				CLANG_WARN_UNREACHABLE_CODE = YES;
				CLANG_WARN__DUPLICATE_METHOD_MATCH = YES;
				"CODE_SIGN_IDENTITY[sdk=iphoneos*]" = "iPhone Developer";
				COPY_PHASE_STRIP = NO;
				DEBUG_INFORMATION_FORMAT = dwarf;
				ENABLE_STRICT_OBJC_MSGSEND = YES;
				ENABLE_TESTABILITY = YES;
				GCC_C_LANGUAGE_STANDARD = gnu99;
				GCC_DYNAMIC_NO_PIC = NO;
				GCC_NO_COMMON_BLOCKS = YES;
				GCC_OPTIMIZATION_LEVEL = 0;
				GCC_PREPROCESSOR_DEFINITIONS = (
					"DEBUG=1",
					"$(inherited)",
				);
				GCC_WARN_64_TO_32_BIT_CONVERSION = YES;
				GCC_WARN_ABOUT_RETURN_TYPE = YES_ERROR;
				GCC_WARN_UNDECLARED_SELECTOR = YES;
				GCC_WARN_UNINITIALIZED_AUTOS = YES_AGGRESSIVE;
				GCC_WARN_UNUSED_FUNCTION = YES;
				GCC_WARN_UNUSED_VARIABLE = YES;
				IPHONEOS_DEPLOYMENT_TARGET = 12.0;
				MTL_ENABLE_DEBUG_INFO = YES;
				ONLY_ACTIVE_ARCH = YES;
				SDKROOT = iphoneos;
				SWIFT_OPTIMIZATION_LEVEL = "-Onone";
				SWIFT_SWIFT3_OBJC_INFERENCE = Default;
				SWIFT_VERSION = 4.2;
				TARGETED_DEVICE_FAMILY = "1,2";
			};
			name = Debug;
		};
		0FAF68F91C2C751D00CB4C94 /* Release */ = {
			isa = XCBuildConfiguration;
			buildSettings = {
				ALWAYS_SEARCH_USER_PATHS = NO;
				CLANG_CXX_LANGUAGE_STANDARD = "gnu++0x";
				CLANG_CXX_LIBRARY = "libc++";
				CLANG_ENABLE_MODULES = YES;
				CLANG_ENABLE_OBJC_ARC = YES;
				CLANG_WARN_BLOCK_CAPTURE_AUTORELEASING = YES;
				CLANG_WARN_BOOL_CONVERSION = YES;
				CLANG_WARN_COMMA = YES;
				CLANG_WARN_CONSTANT_CONVERSION = YES;
				CLANG_WARN_DEPRECATED_OBJC_IMPLEMENTATIONS = YES;
				CLANG_WARN_DIRECT_OBJC_ISA_USAGE = YES_ERROR;
				CLANG_WARN_EMPTY_BODY = YES;
				CLANG_WARN_ENUM_CONVERSION = YES;
				CLANG_WARN_INFINITE_RECURSION = YES;
				CLANG_WARN_INT_CONVERSION = YES;
				CLANG_WARN_NON_LITERAL_NULL_CONVERSION = YES;
				CLANG_WARN_OBJC_IMPLICIT_RETAIN_SELF = YES;
				CLANG_WARN_OBJC_LITERAL_CONVERSION = YES;
				CLANG_WARN_OBJC_ROOT_CLASS = YES_ERROR;
				CLANG_WARN_RANGE_LOOP_ANALYSIS = YES;
				CLANG_WARN_STRICT_PROTOTYPES = YES;
				CLANG_WARN_SUSPICIOUS_MOVE = YES;
				CLANG_WARN_UNREACHABLE_CODE = YES;
				CLANG_WARN__DUPLICATE_METHOD_MATCH = YES;
				"CODE_SIGN_IDENTITY[sdk=iphoneos*]" = "iPhone Developer";
				COPY_PHASE_STRIP = NO;
				DEBUG_INFORMATION_FORMAT = "dwarf-with-dsym";
				ENABLE_NS_ASSERTIONS = NO;
				ENABLE_STRICT_OBJC_MSGSEND = YES;
				GCC_C_LANGUAGE_STANDARD = gnu99;
				GCC_NO_COMMON_BLOCKS = YES;
				GCC_WARN_64_TO_32_BIT_CONVERSION = YES;
				GCC_WARN_ABOUT_RETURN_TYPE = YES_ERROR;
				GCC_WARN_UNDECLARED_SELECTOR = YES;
				GCC_WARN_UNINITIALIZED_AUTOS = YES_AGGRESSIVE;
				GCC_WARN_UNUSED_FUNCTION = YES;
				GCC_WARN_UNUSED_VARIABLE = YES;
				IPHONEOS_DEPLOYMENT_TARGET = 12.0;
				MTL_ENABLE_DEBUG_INFO = NO;
				ONLY_ACTIVE_ARCH = NO;
				SDKROOT = iphoneos;
				SWIFT_COMPILATION_MODE = wholemodule;
				SWIFT_OPTIMIZATION_LEVEL = "-O";
				SWIFT_SWIFT3_OBJC_INFERENCE = Default;
				SWIFT_VERSION = 4.2;
				TARGETED_DEVICE_FAMILY = "1,2";
				VALIDATE_PRODUCT = YES;
			};
			name = Release;
		};
		0FAF68FB1C2C751D00CB4C94 /* Debug */ = {
			isa = XCBuildConfiguration;
			buildSettings = {
				ASSETCATALOG_COMPILER_APPICON_NAME = AppIcon;
				CLANG_ENABLE_MODULES = YES;
				CODE_SIGN_IDENTITY = "iPhone Developer";
				CODE_SIGN_STYLE = Automatic;
				DEVELOPMENT_TEAM = 732KDVJMU4;
				INFOPLIST_FILE = Src/Info.plist;
				IPHONEOS_DEPLOYMENT_TARGET = 12.0;
				LD_RUNPATH_SEARCH_PATHS = (
					"$(inherited)",
					"@executable_path/Frameworks",
				);
				PRODUCT_BUNDLE_IDENTIFIER = "com.tjpetz.Network-Browser";
				PRODUCT_NAME = "$(TARGET_NAME)";
				PROVISIONING_PROFILE_SPECIFIER = "";
				SWIFT_OPTIMIZATION_LEVEL = "-Onone";
				SWIFT_SWIFT3_OBJC_INFERENCE = Default;
				SWIFT_VERSION = 4.0;
				TARGETED_DEVICE_FAMILY = "1,2";
			};
			name = Debug;
		};
		0FAF68FC1C2C751D00CB4C94 /* Release */ = {
			isa = XCBuildConfiguration;
			buildSettings = {
				ASSETCATALOG_COMPILER_APPICON_NAME = AppIcon;
				CLANG_ENABLE_MODULES = YES;
				CODE_SIGN_IDENTITY = "iPhone Developer";
				CODE_SIGN_STYLE = Automatic;
				DEVELOPMENT_TEAM = 732KDVJMU4;
				INFOPLIST_FILE = Src/Info.plist;
				IPHONEOS_DEPLOYMENT_TARGET = 12.0;
				LD_RUNPATH_SEARCH_PATHS = (
					"$(inherited)",
					"@executable_path/Frameworks",
				);
				PRODUCT_BUNDLE_IDENTIFIER = "com.tjpetz.Network-Browser";
				PRODUCT_NAME = "$(TARGET_NAME)";
				PROVISIONING_PROFILE_SPECIFIER = "";
				SWIFT_SWIFT3_OBJC_INFERENCE = Default;
				SWIFT_VERSION = 4.0;
				TARGETED_DEVICE_FAMILY = "1,2";
			};
			name = Release;
		};
/* End XCBuildConfiguration section */

/* Begin XCConfigurationList section */
		0FAF68CA1C2C751D00CB4C94 /* Build configuration list for PBXProject "Network Browser" */ = {
			isa = XCConfigurationList;
			buildConfigurations = (
				0FAF68F81C2C751D00CB4C94 /* Debug */,
				0FAF68F91C2C751D00CB4C94 /* Release */,
			);
			defaultConfigurationIsVisible = 0;
			defaultConfigurationName = Release;
		};
		0FAF68FA1C2C751D00CB4C94 /* Build configuration list for PBXNativeTarget "Network Browser" */ = {
			isa = XCConfigurationList;
			buildConfigurations = (
				0FAF68FB1C2C751D00CB4C94 /* Debug */,
				0FAF68FC1C2C751D00CB4C94 /* Release */,
			);
			defaultConfigurationIsVisible = 0;
			defaultConfigurationName = Release;
		};
/* End XCConfigurationList section */
	};
	rootObject = 0FAF68C71C2C751D00CB4C94 /* Project object */;
}
